{
  "nodes": {
    "nix-darwin": {
      "inputs": {
        "nixpkgs": [
          "nixpkgs"
        ]
      },
      "locked": {
        "lastModified": 1730184279,
        "narHash": "sha256-6OB+WWR6gnaWiqSS28aMJypKeK7Pjc2Wm6L0MtOrTuA=",
        "owner": "LnL7",
        "repo": "nix-darwin",
        "rev": "b379bd4d872d159e5189053ce9a4adf86d56db4b",
        "type": "github"
      },
      "original": {
        "owner": "LnL7",
        "repo": "nix-darwin",
        "type": "github"
      }
    },
    "nixpkgs": {
      "locked": {
        "lastModified": 1730263733,
        "narHash": "sha256-rW8zHYnSV/Fd77cLE2LUCodgeMm63kJg+kpwkz+YRSM=",
        "owner": "NixOS",
        "repo": "nixpkgs",
        "rev": "0446c3c20dc6cf3bf9780817ff15da44a2939a72",
        "type": "github"
      },
      "original": {
        "owner": "NixOS",
        "ref": "nixpkgs-24.05-darwin",
        "repo": "nixpkgs",
        "type": "github"
      }
    },
    "root": {
      "inputs": {
        "nix-darwin": "nix-darwin",
        "nixpkgs": "nixpkgs"
      }
    }
  },
  "root": "root",
  "version": 7
}
